
Microsoft Visual Studio Solution File, Format Version 12.00
# Visual Studio Version 16
VisualStudioVersion = 16.0.30804.86
MinimumVisualStudioVersion = 10.0.40219.1
Project("{FAE04EC0-301F-11D3-BF4B-00C04F79EFBC}") = "stok_", "stok_.csproj", "{B36A5D06-DACA-45FA-B5D4-13E67BE8D85F}"
EndProject
Global
	GlobalSection(SolutionConfigurationPlatforms) = preSolution
		Debug|Any CPU = Debug|Any CPU
		Release|Any CPU = Release|Any CPU
	EndGlobalSection
	GlobalSection(ProjectConfigurationPlatforms) = postSolution
		{B36A5D06-DACA-45FA-B5D4-13E67BE8D85F}.Debug|Any CPU.ActiveCfg = Debug|Any CPU
		{B36A5D06-DACA-45FA-B5D4-13E67BE8D85F}.Debug|Any CPU.Build.0 = Debug|Any CPU
		{B36A5D06-DACA-45FA-B5D4-13E67BE8D85F}.Release|Any CPU.ActiveCfg = Release|Any CPU
		{B36A5D06-DACA-45FA-B5D4-13E67BE8D85F}.Release|Any CPU.Build.0 = Release|Any CPU
	EndGlobalSection
	GlobalSection(SolutionProperties) = preSolution
		HideSolutionNode = FALSE
	EndGlobalSection
	GlobalSection(ExtensibilityGlobals) = postSolution
		SolutionGuid = {BC7A3D3C-36E4-4C8F-B1FD-D531B7626E5C}
	EndGlobalSection
EndGlobal
